
Microsoft Visual Studio Solution File, Format Version 12.00
# Visual Studio Version 16
VisualStudioVersion = 16.0.29920.165
MinimumVisualStudioVersion = 10.0.40219.1
Project("{FAE04EC0-301F-11D3-BF4B-00C04F79EFBC}") = "BusinessTrip", "BusinessTrip.csproj", "{3E547761-B93A-42B9-83B2-98A6E82CDD36}"
EndProject
Project("{FAE04EC0-301F-11D3-BF4B-00C04F79EFBC}") = "BusinessTrip.Tests", "..\BusinessTrip.Tests\BusinessTrip.Tests.csproj", "{C4A41D3D-644D-4AD3-B9B9-D6B46D035744}"
EndProject
Global
	GlobalSection(SolutionConfigurationPlatforms) = preSolution
		Debug|Any CPU = Debug|Any CPU
		Release|Any CPU = Release|Any CPU
	EndGlobalSection
	GlobalSection(ProjectConfigurationPlatforms) = postSolution
		{3E547761-B93A-42B9-83B2-98A6E82CDD36}.Debug|Any CPU.ActiveCfg = Debug|Any CPU
		{3E547761-B93A-42B9-83B2-98A6E82CDD36}.Debug|Any CPU.Build.0 = Debug|Any CPU
		{3E547761-B93A-42B9-83B2-98A6E82CDD36}.Release|Any CPU.ActiveCfg = Release|Any CPU
		{3E547761-B93A-42B9-83B2-98A6E82CDD36}.Release|Any CPU.Build.0 = Release|Any CPU
		{C4A41D3D-644D-4AD3-B9B9-D6B46D035744}.Debug|Any CPU.ActiveCfg = Debug|Any CPU
		{C4A41D3D-644D-4AD3-B9B9-D6B46D035744}.Debug|Any CPU.Build.0 = Debug|Any CPU
		{C4A41D3D-644D-4AD3-B9B9-D6B46D035744}.Release|Any CPU.ActiveCfg = Release|Any CPU
		{C4A41D3D-644D-4AD3-B9B9-D6B46D035744}.Release|Any CPU.Build.0 = Release|Any CPU
	EndGlobalSection
	GlobalSection(SolutionProperties) = preSolution
		HideSolutionNode = FALSE
	EndGlobalSection
	GlobalSection(ExtensibilityGlobals) = postSolution
		SolutionGuid = {1E028654-E8D1-4C17-AC4F-6F8714023113}
	EndGlobalSection
EndGlobal
