
Microsoft Visual Studio Solution File, Format Version 12.00
# Visual Studio Version 16
VisualStudioVersion = 16.0.29920.165
MinimumVisualStudioVersion = 10.0.40219.1
Project("{FAE04EC0-301F-11D3-BF4B-00C04F79EFBC}") = "BusinessTrip", "BusinessTrip.csproj", "{0E9AF34C-0DE3-4BF1-9F86-D03FDF76716A}"
EndProject
Global
	GlobalSection(SolutionConfigurationPlatforms) = preSolution
		Debug|Any CPU = Debug|Any CPU
		Release|Any CPU = Release|Any CPU
	EndGlobalSection
	GlobalSection(ProjectConfigurationPlatforms) = postSolution
		{0E9AF34C-0DE3-4BF1-9F86-D03FDF76716A}.Debug|Any CPU.ActiveCfg = Debug|Any CPU
		{0E9AF34C-0DE3-4BF1-9F86-D03FDF76716A}.Debug|Any CPU.Build.0 = Debug|Any CPU
		{0E9AF34C-0DE3-4BF1-9F86-D03FDF76716A}.Release|Any CPU.ActiveCfg = Release|Any CPU
		{0E9AF34C-0DE3-4BF1-9F86-D03FDF76716A}.Release|Any CPU.Build.0 = Release|Any CPU
	EndGlobalSection
	GlobalSection(SolutionProperties) = preSolution
		HideSolutionNode = FALSE
	EndGlobalSection
	GlobalSection(ExtensibilityGlobals) = postSolution
		SolutionGuid = {67E52F07-F5B5-4630-997E-B00386CB1204}
	EndGlobalSection
EndGlobal
